github.com/go-sql-driver/mysql v1.5.0 h1:ozyZYNQW3x3HtqT1jira07DN2PArx2v7/mN66gGcHOs=
github.com/go-sql-driver/mysql v1.5.0/go.mod h1:DCzpHaOWr8IXmIStZouvnhqoel9Qv2LBy8hT2VhHyBg=
github.com/golang-migrate/migrate v3.5.4+incompatible h1:R7OzwvCJTCgwapPCiX6DyBiu2czIUMDCB118gFTKTUA=
github.com/golang-migrate/migrate v3.5.4+incompatible/go.mod h1:IsVUlFN5puWOmXrqjgGUfIRIbU7mr8oNBE2tyERd9Wk=
github.com/gorilla/mux v1.7.4 h1:VuZ8uybHlWmqV03+zRzdwKL4tUnIp1MAQtp1mIFE1bc=
github.com/gorilla/mux v1.7.4/go.mod h1:DVbg23sWSpFRCP0SfiEN6jmj59UnW/n46BH5rLB71So=
github.com/rs/cors v1.7.0 h1:+88SsELBHx5r+hZ8TCkggzSstaWNbDvThkVK8H6f9ik=
github.com/rs/cors v1.7.0/go.mod h1:gFx+x8UowdsKA9AchylcLynDq+nNFfI8FkUZdN/jGCU=
github.com/skip2/go-qrcode v0.0.0-20200526175731-7ac0b40b2038 h1:YV7j5thtTo5/Len66qC+EHMFBH4JZXO3rZ1I4ogb3HM=
github.com/skip2/go-qrcode v0.0.0-20200526175731-7ac0b40b2038/go.mod h1:XV66xRDqSt+GTGFMVlhk3ULuV0y9ZmzeVGR4mloJI3M=
github.com/urfave/negroni v1.0.0 h1:kIimOitoypq34K7TG7DUaJ9kq/N4Ofuwi1sjz0KipXc=
github.com/urfave/negroni v1.0.0/go.mod h1:Meg73S6kFm/4PpbYdq35yYWoCZ9mS/YSx+lKnmiohz4=
